
Microsoft Visual Studio Solution File, Format Version 12.00
# Visual Studio Version 17
VisualStudioVersion = 17.9.34622.214
MinimumVisualStudioVersion = 10.0.40219.1
Project("{FAE04EC0-301F-11D3-BF4B-00C04F79EFBC}") = "Lab6WpfApp1", "Lab6WpfApp1\Lab6WpfApp1.csproj", "{FE4C8221-DAF9-47A0-A827-9E9C4F15188E}"
EndProject
Global
	GlobalSection(SolutionConfigurationPlatforms) = preSolution
		Debug|Any CPU = Debug|Any CPU
		Release|Any CPU = Release|Any CPU
	EndGlobalSection
	GlobalSection(ProjectConfigurationPlatforms) = postSolution
		{FE4C8221-DAF9-47A0-A827-9E9C4F15188E}.Debug|Any CPU.ActiveCfg = Debug|Any CPU
		{FE4C8221-DAF9-47A0-A827-9E9C4F15188E}.Debug|Any CPU.Build.0 = Debug|Any CPU
		{FE4C8221-DAF9-47A0-A827-9E9C4F15188E}.Release|Any CPU.ActiveCfg = Release|Any CPU
		{FE4C8221-DAF9-47A0-A827-9E9C4F15188E}.Release|Any CPU.Build.0 = Release|Any CPU
	EndGlobalSection
	GlobalSection(SolutionProperties) = preSolution
		HideSolutionNode = FALSE
	EndGlobalSection
	GlobalSection(ExtensibilityGlobals) = postSolution
		SolutionGuid = {226E49E9-4888-4596-AA03-0B057F53DDC6}
	EndGlobalSection
EndGlobal
